// !$*UTF8*$!
{
	archiveVersion = 1;
	classes = {
	};
	objectVersion = 77;
	objects = {

/* Begin PBXBuildFile section */
		085A6C5942E4CD4F6A3123C8 /* Pods_iTVrockTests.framework in Frameworks */ = {isa = PBXBuildFile; fileRef = C84F8A274A77C8B538173B3E /* Pods_iTVrockTests.framework */; };
		3B509A3F2DBD8CBF005871F8 /* TVVLCKit.framework in Frameworks */ = {isa = PBXBuildFile; fileRef = 3B509A3E2DBD8CBF005871F8 /* TVVLCKit.framework */; };
		3B509A412DBD8CBF005871F8 /* TVVLCKit.framework in Frameworks */ = {isa = PBXBuildFile; fileRef = 3B509A3E2DBD8CBF005871F8 /* TVVLCKit.framework */; };
		3B509A422DBD8D3F005871F8 /* Pods_iTVrock.framework in Frameworks */ = {isa = PBXBuildFile; fileRef = C69488C8FD5235CCEBA12F2D /* Pods_iTVrock.framework */; };
		3B509A432DBD8D3F005871F8 /* Pods_iTVrock.framework in Embed Frameworks */ = {isa = PBXBuildFile; fileRef = C69488C8FD5235CCEBA12F2D /* Pods_iTVrock.framework */; settings = {ATTRIBUTES = (CodeSignOnCopy, RemoveHeadersOnCopy, ); }; };
		3B509A442DBD8DB1005871F8 /* TVVLCKit.framework in Frameworks */ = {isa = PBXBuildFile; fileRef = 3B509A3E2DBD8CBF005871F8 /* TVVLCKit.framework */; };
		3B509A452DBD8DB1005871F8 /* TVVLCKit.framework in Embed Frameworks */ = {isa = PBXBuildFile; fileRef = 3B509A3E2DBD8CBF005871F8 /* TVVLCKit.framework */; settings = {ATTRIBUTES = (CodeSignOnCopy, RemoveHeadersOnCopy, ); }; };
		A44E1FCAB62E20231D60F93E /* Pods_iTVrock_iTVrockUITests.framework in Frameworks */ = {isa = PBXBuildFile; fileRef = 09D6C01D51E249FDAD0737C0 /* Pods_iTVrock_iTVrockUITests.framework */; };
/* End PBXBuildFile section */

/* Begin PBXContainerItemProxy section */
		3B2182BE2DBBF03A0082BFF9 /* PBXContainerItemProxy */ = {
			isa = PBXContainerItemProxy;
			containerPortal = 3B21829E2DBBF0390082BFF9 /* Project object */;
			proxyType = 1;
			remoteGlobalIDString = 3B2182A52DBBF0390082BFF9;
			remoteInfo = iTVrock;
		};
		3B2182C82DBBF03A0082BFF9 /* PBXContainerItemProxy */ = {
			isa = PBXContainerItemProxy;
			containerPortal = 3B21829E2DBBF0390082BFF9 /* Project object */;
			proxyType = 1;
			remoteGlobalIDString = 3B2182A52DBBF0390082BFF9;
			remoteInfo = iTVrock;
		};
/* End PBXContainerItemProxy section */

/* Begin PBXCopyFilesBuildPhase section */
		3B509A352DBD87E7005871F8 /* Embed Frameworks */ = {
			isa = PBXCopyFilesBuildPhase;
			buildActionMask = 2147483647;
			dstPath = "";
			dstSubfolderSpec = 10;
			files = (
				3B509A432DBD8D3F005871F8 /* Pods_iTVrock.framework in Embed Frameworks */,
				3B509A452DBD8DB1005871F8 /* TVVLCKit.framework in Embed Frameworks */,
			);
			name = "Embed Frameworks";
			runOnlyForDeploymentPostprocessing = 0;
		};
/* End PBXCopyFilesBuildPhase section */

/* Begin PBXFileReference section */
		04B100B35DB51975B98FEF28 /* Pods-iTVrock-iTVrockUITests.debug.xcconfig */ = {isa = PBXFileReference; includeInIndex = 1; lastKnownFileType = text.xcconfig; name = "Pods-iTVrock-iTVrockUITests.debug.xcconfig"; path = "Target Support Files/Pods-iTVrock-iTVrockUITests/Pods-iTVrock-iTVrockUITests.debug.xcconfig"; sourceTree = "<group>"; };
		05BE4DBD05756B5CE312C130 /* Pods-iTVrock.release.xcconfig */ = {isa = PBXFileReference; includeInIndex = 1; lastKnownFileType = text.xcconfig; name = "Pods-iTVrock.release.xcconfig"; path = "Target Support Files/Pods-iTVrock/Pods-iTVrock.release.xcconfig"; sourceTree = "<group>"; };
		09D6C01D51E249FDAD0737C0 /* Pods_iTVrock_iTVrockUITests.framework */ = {isa = PBXFileReference; explicitFileType = wrapper.framework; includeInIndex = 0; path = Pods_iTVrock_iTVrockUITests.framework; sourceTree = BUILT_PRODUCTS_DIR; };
		38142B7B7BD333FE5A5512DB /* Pods-iTVrockTests.release.xcconfig */ = {isa = PBXFileReference; includeInIndex = 1; lastKnownFileType = text.xcconfig; name = "Pods-iTVrockTests.release.xcconfig"; path = "Target Support Files/Pods-iTVrockTests/Pods-iTVrockTests.release.xcconfig"; sourceTree = "<group>"; };
		3B2182A62DBBF0390082BFF9 /* iTVrock.app */ = {isa = PBXFileReference; explicitFileType = wrapper.application; includeInIndex = 0; path = iTVrock.app; sourceTree = BUILT_PRODUCTS_DIR; };
		3B2182BD2DBBF03A0082BFF9 /* iTVrockTests.xctest */ = {isa = PBXFileReference; explicitFileType = wrapper.cfbundle; includeInIndex = 0; path = iTVrockTests.xctest; sourceTree = BUILT_PRODUCTS_DIR; };
		3B2182C72DBBF03A0082BFF9 /* iTVrockUITests.xctest */ = {isa = PBXFileReference; explicitFileType = wrapper.cfbundle; includeInIndex = 0; path = iTVrockUITests.xctest; sourceTree = BUILT_PRODUCTS_DIR; };
		3B509A3E2DBD8CBF005871F8 /* TVVLCKit.framework */ = {isa = PBXFileReference; lastKnownFileType = wrapper.framework; path = TVVLCKit.framework; sourceTree = "<group>"; };
		4295DFFA16CB279E1A49428C /* Pods-iTVrock-iTVrockUITests.release.xcconfig */ = {isa = PBXFileReference; includeInIndex = 1; lastKnownFileType = text.xcconfig; name = "Pods-iTVrock-iTVrockUITests.release.xcconfig"; path = "Target Support Files/Pods-iTVrock-iTVrockUITests/Pods-iTVrock-iTVrockUITests.release.xcconfig"; sourceTree = "<group>"; };
		C27276EE7A3BD1F4881D23BF /* Pods-iTVrock.debug.xcconfig */ = {isa = PBXFileReference; includeInIndex = 1; lastKnownFileType = text.xcconfig; name = "Pods-iTVrock.debug.xcconfig"; path = "Target Support Files/Pods-iTVrock/Pods-iTVrock.debug.xcconfig"; sourceTree = "<group>"; };
		C69488C8FD5235CCEBA12F2D /* Pods_iTVrock.framework */ = {isa = PBXFileReference; explicitFileType = wrapper.framework; includeInIndex = 0; path = Pods_iTVrock.framework; sourceTree = BUILT_PRODUCTS_DIR; };
		C84F8A274A77C8B538173B3E /* Pods_iTVrockTests.framework */ = {isa = PBXFileReference; explicitFileType = wrapper.framework; includeInIndex = 0; path = Pods_iTVrockTests.framework; sourceTree = BUILT_PRODUCTS_DIR; };
		D9A186EB250D48EA0D345E0A /* Pods-iTVrockTests.debug.xcconfig */ = {isa = PBXFileReference; includeInIndex = 1; lastKnownFileType = text.xcconfig; name = "Pods-iTVrockTests.debug.xcconfig"; path = "Target Support Files/Pods-iTVrockTests/Pods-iTVrockTests.debug.xcconfig"; sourceTree = "<group>"; };
/* End PBXFileReference section */

/* Begin PBXFileSystemSynchronizedBuildFileExceptionSet section */
		3B2182CF2DBBF03A0082BFF9 /* Exceptions for "iTVrock" folder in "iTVrock" target */ = {
			isa = PBXFileSystemSynchronizedBuildFileExceptionSet;
			membershipExceptions = (
				Info.plist,
			);
			target = 3B2182A52DBBF0390082BFF9 /* iTVrock */;
		};
/* End PBXFileSystemSynchronizedBuildFileExceptionSet section */

/* Begin PBXFileSystemSynchronizedRootGroup section */
		3B2182A82DBBF0390082BFF9 /* iTVrock */ = {
			isa = PBXFileSystemSynchronizedRootGroup;
			exceptions = (
				3B2182CF2DBBF03A0082BFF9 /* Exceptions for "iTVrock" folder in "iTVrock" target */,
			);
			path = iTVrock;
			sourceTree = "<group>";
		};
		3B2182C02DBBF03A0082BFF9 /* iTVrockTests */ = {
			isa = PBXFileSystemSynchronizedRootGroup;
			path = iTVrockTests;
			sourceTree = "<group>";
		};
		3B2182CA2DBBF03A0082BFF9 /* iTVrockUITests */ = {
			isa = PBXFileSystemSynchronizedRootGroup;
			path = iTVrockUITests;
			sourceTree = "<group>";
		};
/* End PBXFileSystemSynchronizedRootGroup section */

/* Begin PBXFrameworksBuildPhase section */
		3B2182A32DBBF0390082BFF9 /* Frameworks */ = {
			isa = PBXFrameworksBuildPhase;
			buildActionMask = 2147483647;
			files = (
				3B509A422DBD8D3F005871F8 /* Pods_iTVrock.framework in Frameworks */,
				3B509A442DBD8DB1005871F8 /* TVVLCKit.framework in Frameworks */,
			);
			runOnlyForDeploymentPostprocessing = 0;
		};
		3B2182BA2DBBF03A0082BFF9 /* Frameworks */ = {
			isa = PBXFrameworksBuildPhase;
			buildActionMask = 2147483647;
			files = (
				085A6C5942E4CD4F6A3123C8 /* Pods_iTVrockTests.framework in Frameworks */,
				3B509A412DBD8CBF005871F8 /* TVVLCKit.framework in Frameworks */,
			);
			runOnlyForDeploymentPostprocessing = 0;
		};
		3B2182C42DBBF03A0082BFF9 /* Frameworks */ = {
			isa = PBXFrameworksBuildPhase;
			buildActionMask = 2147483647;
			files = (
				A44E1FCAB62E20231D60F93E /* Pods_iTVrock_iTVrockUITests.framework in Frameworks */,
				3B509A3F2DBD8CBF005871F8 /* TVVLCKit.framework in Frameworks */,
			);
			runOnlyForDeploymentPostprocessing = 0;
		};
/* End PBXFrameworksBuildPhase section */

/* Begin PBXGroup section */
		3B21829D2DBBF0390082BFF9 = {
			isa = PBXGroup;
			children = (
				3B2182A82DBBF0390082BFF9 /* iTVrock */,
				3B2182C02DBBF03A0082BFF9 /* iTVrockTests */,
				3B2182CA2DBBF03A0082BFF9 /* iTVrockUITests */,
				3B2182A72DBBF0390082BFF9 /* Products */,
				A452D63C8054E72DEC532C08 /* Pods */,
				FBE595CD157DEF6E6BCCB331 /* Frameworks */,
			);
			sourceTree = "<group>";
		};
		3B2182A72DBBF0390082BFF9 /* Products */ = {
			isa = PBXGroup;
			children = (
				3B2182A62DBBF0390082BFF9 /* iTVrock.app */,
				3B2182BD2DBBF03A0082BFF9 /* iTVrockTests.xctest */,
				3B2182C72DBBF03A0082BFF9 /* iTVrockUITests.xctest */,
			);
			name = Products;
			sourceTree = "<group>";
		};
		A452D63C8054E72DEC532C08 /* Pods */ = {
			isa = PBXGroup;
			children = (
				C27276EE7A3BD1F4881D23BF /* Pods-iTVrock.debug.xcconfig */,
				05BE4DBD05756B5CE312C130 /* Pods-iTVrock.release.xcconfig */,
				04B100B35DB51975B98FEF28 /* Pods-iTVrock-iTVrockUITests.debug.xcconfig */,
				4295DFFA16CB279E1A49428C /* Pods-iTVrock-iTVrockUITests.release.xcconfig */,
				D9A186EB250D48EA0D345E0A /* Pods-iTVrockTests.debug.xcconfig */,
				38142B7B7BD333FE5A5512DB /* Pods-iTVrockTests.release.xcconfig */,
			);
			path = Pods;
			sourceTree = "<group>";
		};
		FBE595CD157DEF6E6BCCB331 /* Frameworks */ = {
			isa = PBXGroup;
			children = (
				C69488C8FD5235CCEBA12F2D /* Pods_iTVrock.framework */,
				09D6C01D51E249FDAD0737C0 /* Pods_iTVrock_iTVrockUITests.framework */,
				C84F8A274A77C8B538173B3E /* Pods_iTVrockTests.framework */,
				3B509A3E2DBD8CBF005871F8 /* TVVLCKit.framework */,
			);
			name = Frameworks;
			sourceTree = "<group>";
		};
/* End PBXGroup section */

/* Begin PBXNativeTarget section */
		3B2182A52DBBF0390082BFF9 /* iTVrock */ = {
			isa = PBXNativeTarget;
			buildConfigurationList = 3B2182D02DBBF03A0082BFF9 /* Build configuration list for PBXNativeTarget "iTVrock" */;
			buildPhases = (
				C86CBCACEA24684FC9D2F6E2 /* [CP] Check Pods Manifest.lock */,
				3B2182A22DBBF0390082BFF9 /* Sources */,
				3B2182A32DBBF0390082BFF9 /* Frameworks */,
				3B2182A42DBBF0390082BFF9 /* Resources */,
				3B509A352DBD87E7005871F8 /* Embed Frameworks */,
			);
			buildRules = (
			);
			dependencies = (
			);
			fileSystemSynchronizedGroups = (
				3B2182A82DBBF0390082BFF9 /* iTVrock */,
			);
			name = iTVrock;
			productName = iTVrock;
			productReference = 3B2182A62DBBF0390082BFF9 /* iTVrock.app */;
			productType = "com.apple.product-type.application";
		};
		3B2182BC2DBBF03A0082BFF9 /* iTVrockTests */ = {
			isa = PBXNativeTarget;
			buildConfigurationList = 3B2182D52DBBF03A0082BFF9 /* Build configuration list for PBXNativeTarget "iTVrockTests" */;
			buildPhases = (
				6A683ACC3A29ABE78725A29A /* [CP] Check Pods Manifest.lock */,
				3B2182B92DBBF03A0082BFF9 /* Sources */,
				3B2182BA2DBBF03A0082BFF9 /* Frameworks */,
				3B2182BB2DBBF03A0082BFF9 /* Resources */,
			);
			buildRules = (
			);
			dependencies = (
				3B2182BF2DBBF03A0082BFF9 /* PBXTargetDependency */,
			);
			fileSystemSynchronizedGroups = (
				3B2182C02DBBF03A0082BFF9 /* iTVrockTests */,
			);
			name = iTVrockTests;
			productName = iTVrockTests;
			productReference = 3B2182BD2DBBF03A0082BFF9 /* iTVrockTests.xctest */;
			productType = "com.apple.product-type.bundle.unit-test";
		};
		3B2182C62DBBF03A0082BFF9 /* iTVrockUITests */ = {
			isa = PBXNativeTarget;
			buildConfigurationList = 3B2182D82DBBF03A0082BFF9 /* Build configuration list for PBXNativeTarget "iTVrockUITests" */;
			buildPhases = (
				397256E6D2B71C1F964E91D6 /* [CP] Check Pods Manifest.lock */,
				3B2182C32DBBF03A0082BFF9 /* Sources */,
				3B2182C42DBBF03A0082BFF9 /* Frameworks */,
				3B2182C52DBBF03A0082BFF9 /* Resources */,
			);
			buildRules = (
			);
			dependencies = (
				3B2182C92DBBF03A0082BFF9 /* PBXTargetDependency */,
			);
			fileSystemSynchronizedGroups = (
				3B2182CA2DBBF03A0082BFF9 /* iTVrockUITests */,
			);
			name = iTVrockUITests;
			productName = iTVrockUITests;
			productReference = 3B2182C72DBBF03A0082BFF9 /* iTVrockUITests.xctest */;
			productType = "com.apple.product-type.bundle.ui-testing";
		};
/* End PBXNativeTarget section */

/* Begin PBXProject section */
		3B21829E2DBBF0390082BFF9 /* Project object */ = {
			isa = PBXProject;
			attributes = {
				BuildIndependentTargetsInParallel = 1;
				LastSwiftUpdateCheck = 1620;
				LastUpgradeCheck = 1620;
				TargetAttributes = {
					3B2182A52DBBF0390082BFF9 = {
						CreatedOnToolsVersion = 16.2;
					};
					3B2182BC2DBBF03A0082BFF9 = {
						CreatedOnToolsVersion = 16.2;
						TestTargetID = 3B2182A52DBBF0390082BFF9;
					};
					3B2182C62DBBF03A0082BFF9 = {
						CreatedOnToolsVersion = 16.2;
						TestTargetID = 3B2182A52DBBF0390082BFF9;
					};
				};
			};
			buildConfigurationList = 3B2182A12DBBF0390082BFF9 /* Build configuration list for PBXProject "iTVrock" */;
			developmentRegion = en;
			hasScannedForEncodings = 0;
			knownRegions = (
				en,
				Base,
			);
			mainGroup = 3B21829D2DBBF0390082BFF9;
			minimizedProjectReferenceProxies = 1;
			preferredProjectObjectVersion = 77;
			productRefGroup = 3B2182A72DBBF0390082BFF9 /* Products */;
			projectDirPath = "";
			projectRoot = "";
			targets = (
				3B2182A52DBBF0390082BFF9 /* iTVrock */,
				3B2182BC2DBBF03A0082BFF9 /* iTVrockTests */,
				3B2182C62DBBF03A0082BFF9 /* iTVrockUITests */,
			);
		};
/* End PBXProject section */

/* Begin PBXResourcesBuildPhase section */
		3B2182A42DBBF0390082BFF9 /* Resources */ = {
			isa = PBXResourcesBuildPhase;
			buildActionMask = 2147483647;
			files = (
			);
			runOnlyForDeploymentPostprocessing = 0;
		};
		3B2182BB2DBBF03A0082BFF9 /* Resources */ = {
			isa = PBXResourcesBuildPhase;
			buildActionMask = 2147483647;
			files = (
			);
			runOnlyForDeploymentPostprocessing = 0;
		};
		3B2182C52DBBF03A0082BFF9 /* Resources */ = {
			isa = PBXResourcesBuildPhase;
			buildActionMask = 2147483647;
			files = (
			);
			runOnlyForDeploymentPostprocessing = 0;
		};
/* End PBXResourcesBuildPhase section */

/* Begin PBXShellScriptBuildPhase section */
		397256E6D2B71C1F964E91D6 /* [CP] Check Pods Manifest.lock */ = {
			isa = PBXShellScriptBuildPhase;
			buildActionMask = 2147483647;
			files = (
			);
			inputFileListPaths = (
			);
			inputPaths = (
				"${PODS_PODFILE_DIR_PATH}/Podfile.lock",
				"${PODS_ROOT}/Manifest.lock",
			);
			name = "[CP] Check Pods Manifest.lock";
			outputFileListPaths = (
			);
			outputPaths = (
				"$(DERIVED_FILE_DIR)/Pods-iTVrock-iTVrockUITests-checkManifestLockResult.txt",
			);
			runOnlyForDeploymentPostprocessing = 0;
			shellPath = /bin/sh;
			shellScript = "diff \"${PODS_PODFILE_DIR_PATH}/Podfile.lock\" \"${PODS_ROOT}/Manifest.lock\" > /dev/null\nif [ $? != 0 ] ; then\n    # print error to STDERR\n    echo \"error: The sandbox is not in sync with the Podfile.lock. Run 'pod install' or update your CocoaPods installation.\" >&2\n    exit 1\nfi\n# This output is used by Xcode 'outputs' to avoid re-running this script phase.\necho \"SUCCESS\" > \"${SCRIPT_OUTPUT_FILE_0}\"\n";
			showEnvVarsInLog = 0;
		};
		6A683ACC3A29ABE78725A29A /* [CP] Check Pods Manifest.lock */ = {
			isa = PBXShellScriptBuildPhase;
			buildActionMask = 2147483647;
			files = (
			);
			inputFileListPaths = (
			);
			inputPaths = (
				"${PODS_PODFILE_DIR_PATH}/Podfile.lock",
				"${PODS_ROOT}/Manifest.lock",
			);
			name = "[CP] Check Pods Manifest.lock";
			outputFileListPaths = (
			);
			outputPaths = (
				"$(DERIVED_FILE_DIR)/Pods-iTVrockTests-checkManifestLockResult.txt",
			);
			runOnlyForDeploymentPostprocessing = 0;
			shellPath = /bin/sh;
			shellScript = "diff \"${PODS_PODFILE_DIR_PATH}/Podfile.lock\" \"${PODS_ROOT}/Manifest.lock\" > /dev/null\nif [ $? != 0 ] ; then\n    # print error to STDERR\n    echo \"error: The sandbox is not in sync with the Podfile.lock. Run 'pod install' or update your CocoaPods installation.\" >&2\n    exit 1\nfi\n# This output is used by Xcode 'outputs' to avoid re-running this script phase.\necho \"SUCCESS\" > \"${SCRIPT_OUTPUT_FILE_0}\"\n";
			showEnvVarsInLog = 0;
		};
		C86CBCACEA24684FC9D2F6E2 /* [CP] Check Pods Manifest.lock */ = {
			isa = PBXShellScriptBuildPhase;
			buildActionMask = 2147483647;
			files = (
			);
			inputFileListPaths = (
			);
			inputPaths = (
				"${PODS_PODFILE_DIR_PATH}/Podfile.lock",
				"${PODS_ROOT}/Manifest.lock",
			);
			name = "[CP] Check Pods Manifest.lock";
			outputFileListPaths = (
			);
			outputPaths = (
				"$(DERIVED_FILE_DIR)/Pods-iTVrock-checkManifestLockResult.txt",
			);
			runOnlyForDeploymentPostprocessing = 0;
			shellPath = /bin/sh;
			shellScript = "diff \"${PODS_PODFILE_DIR_PATH}/Podfile.lock\" \"${PODS_ROOT}/Manifest.lock\" > /dev/null\nif [ $? != 0 ] ; then\n    # print error to STDERR\n    echo \"error: The sandbox is not in sync with the Podfile.lock. Run 'pod install' or update your CocoaPods installation.\" >&2\n    exit 1\nfi\n# This output is used by Xcode 'outputs' to avoid re-running this script phase.\necho \"SUCCESS\" > \"${SCRIPT_OUTPUT_FILE_0}\"\n";
			showEnvVarsInLog = 0;
		};
/* End PBXShellScriptBuildPhase section */

/* Begin PBXSourcesBuildPhase section */
		3B2182A22DBBF0390082BFF9 /* Sources */ = {
			isa = PBXSourcesBuildPhase;
			buildActionMask = 2147483647;
			files = (
			);
			runOnlyForDeploymentPostprocessing = 0;
		};
		3B2182B92DBBF03A0082BFF9 /* Sources */ = {
			isa = PBXSourcesBuildPhase;
			buildActionMask = 2147483647;
			files = (
			);
			runOnlyForDeploymentPostprocessing = 0;
		};
		3B2182C32DBBF03A0082BFF9 /* Sources */ = {
			isa = PBXSourcesBuildPhase;
			buildActionMask = 2147483647;
			files = (
			);
			runOnlyForDeploymentPostprocessing = 0;
		};
/* End PBXSourcesBuildPhase section */

/* Begin PBXTargetDependency section */
		3B2182BF2DBBF03A0082BFF9 /* PBXTargetDependency */ = {
			isa = PBXTargetDependency;
			target = 3B2182A52DBBF0390082BFF9 /* iTVrock */;
			targetProxy = 3B2182BE2DBBF03A0082BFF9 /* PBXContainerItemProxy */;
		};
		3B2182C92DBBF03A0082BFF9 /* PBXTargetDependency */ = {
			isa = PBXTargetDependency;
			target = 3B2182A52DBBF0390082BFF9 /* iTVrock */;
			targetProxy = 3B2182C82DBBF03A0082BFF9 /* PBXContainerItemProxy */;
		};
/* End PBXTargetDependency section */

/* Begin XCBuildConfiguration section */
		3B2182D12DBBF03A0082BFF9 /* Debug */ = {
			isa = XCBuildConfiguration;
			baseConfigurationReference = C27276EE7A3BD1F4881D23BF /* Pods-iTVrock.debug.xcconfig */;
			buildSettings = {
				ASSETCATALOG_COMPILER_APPICON_NAME = "App Icon & Top Shelf Image";
				ASSETCATALOG_COMPILER_GLOBAL_ACCENT_COLOR_NAME = AccentColor;
				CODE_SIGN_ENTITLEMENTS = iTVrock/iTVrock.entitlements;
				CODE_SIGN_STYLE = Automatic;
				CURRENT_PROJECT_VERSION = 1;
				DEVELOPMENT_ASSET_PATHS = "\"iTVrock/Preview Content\"";
				DEVELOPMENT_TEAM = FKZ98YMFV8;
				ENABLE_PREVIEWS = YES;
				FRAMEWORK_SEARCH_PATHS = (
					"$(inherited)",
					"$(PROJECT_DIR)",
				);
				GENERATE_INFOPLIST_FILE = YES;
				INFOPLIST_FILE = iTVrock/Info.plist;
				INFOPLIST_KEY_UILaunchScreen_Generation = YES;
				INFOPLIST_KEY_UIUserInterfaceStyle = Automatic;
				LD_RUNPATH_SEARCH_PATHS = (
					"$(inherited)",
					"@executable_path/Frameworks",
				);
				MARKETING_VERSION = 1.0;
				PRODUCT_BUNDLE_IDENTIFIER = com.buildingSocial.iTVrock;
				PRODUCT_NAME = "$(TARGET_NAME)";
				SWIFT_EMIT_LOC_STRINGS = YES;
				SWIFT_VERSION = 5.0;
				TARGETED_DEVICE_FAMILY = 3;
			};
			name = Debug;
		};
		3B2182D22DBBF03A0082BFF9 /* Release */ = {
			isa = XCBuildConfiguration;
			baseConfigurationReference = 05BE4DBD05756B5CE312C130 /* Pods-iTVrock.release.xcconfig */;
			buildSettings = {
				ASSETCATALOG_COMPILER_APPICON_NAME = "App Icon & Top Shelf Image";
				ASSETCATALOG_COMPILER_GLOBAL_ACCENT_COLOR_NAME = AccentColor;
				CODE_SIGN_ENTITLEMENTS = iTVrock/iTVrock.entitlements;
				CODE_SIGN_STYLE = Automatic;
				CURRENT_PROJECT_VERSION = 1;
				DEVELOPMENT_ASSET_PATHS = "\"iTVrock/Preview Content\"";
				DEVELOPMENT_TEAM = FKZ98YMFV8;
				ENABLE_PREVIEWS = YES;
				FRAMEWORK_SEARCH_PATHS = (
					"$(inherited)",
					"$(PROJECT_DIR)",
				);
				GENERATE_INFOPLIST_FILE = YES;
				INFOPLIST_FILE = iTVrock/Info.plist;
				INFOPLIST_KEY_UILaunchScreen_Generation = YES;
				INFOPLIST_KEY_UIUserInterfaceStyle = Automatic;
				LD_RUNPATH_SEARCH_PATHS = (
					"$(inherited)",
					"@executable_path/Frameworks",
				);
				MARKETING_VERSION = 1.0;
				PRODUCT_BUNDLE_IDENTIFIER = com.buildingSocial.iTVrock;
				PRODUCT_NAME = "$(TARGET_NAME)";
				SWIFT_EMIT_LOC_STRINGS = YES;
				SWIFT_VERSION = 5.0;
				TARGETED_DEVICE_FAMILY = 3;
			};
			name = Release;
		};
		3B2182D32DBBF03A0082BFF9 /* Debug */ = {
			isa = XCBuildConfiguration;
			buildSettings = {
				ALWAYS_SEARCH_USER_PATHS = NO;
				ASSETCATALOG_COMPILER_GENERATE_SWIFT_ASSET_SYMBOL_EXTENSIONS = YES;
				CLANG_ANALYZER_NONNULL = YES;
				CLANG_ANALYZER_NUMBER_OBJECT_CONVERSION = YES_AGGRESSIVE;
				CLANG_CXX_LANGUAGE_STANDARD = "gnu++20";
				CLANG_ENABLE_MODULES = YES;
				CLANG_ENABLE_OBJC_ARC = YES;
				CLANG_ENABLE_OBJC_WEAK = YES;
				CLANG_WARN_BLOCK_CAPTURE_AUTORELEASING = YES;
				CLANG_WARN_BOOL_CONVERSION = YES;
				CLANG_WARN_COMMA = YES;
				CLANG_WARN_CONSTANT_CONVERSION = YES;
				CLANG_WARN_DEPRECATED_OBJC_IMPLEMENTATIONS = YES;
				CLANG_WARN_DIRECT_OBJC_ISA_USAGE = YES_ERROR;
				CLANG_WARN_DOCUMENTATION_COMMENTS = YES;
				CLANG_WARN_EMPTY_BODY = YES;
				CLANG_WARN_ENUM_CONVERSION = YES;
				CLANG_WARN_INFINITE_RECURSION = YES;
				CLANG_WARN_INT_CONVERSION = YES;
				CLANG_WARN_NON_LITERAL_NULL_CONVERSION = YES;
				CLANG_WARN_OBJC_IMPLICIT_RETAIN_SELF = YES;
				CLANG_WARN_OBJC_LITERAL_CONVERSION = YES;
				CLANG_WARN_OBJC_ROOT_CLASS = YES_ERROR;
				CLANG_WARN_QUOTED_INCLUDE_IN_FRAMEWORK_HEADER = YES;
				CLANG_WARN_RANGE_LOOP_ANALYSIS = YES;
				CLANG_WARN_STRICT_PROTOTYPES = YES;
				CLANG_WARN_SUSPICIOUS_MOVE = YES;
				CLANG_WARN_UNGUARDED_AVAILABILITY = YES_AGGRESSIVE;
				CLANG_WARN_UNREACHABLE_CODE = YES;
				CLANG_WARN__DUPLICATE_METHOD_MATCH = YES;
				COPY_PHASE_STRIP = NO;
				DEBUG_INFORMATION_FORMAT = dwarf;
				ENABLE_STRICT_OBJC_MSGSEND = YES;
				ENABLE_TESTABILITY = YES;
				ENABLE_USER_SCRIPT_SANDBOXING = YES;
				GCC_C_LANGUAGE_STANDARD = gnu17;
				GCC_DYNAMIC_NO_PIC = NO;
				GCC_NO_COMMON_BLOCKS = YES;
				GCC_OPTIMIZATION_LEVEL = 0;
				GCC_PREPROCESSOR_DEFINITIONS = (
					"DEBUG=1",
					"$(inherited)",
				);
				GCC_WARN_64_TO_32_BIT_CONVERSION = YES;
				GCC_WARN_ABOUT_RETURN_TYPE = YES_ERROR;
				GCC_WARN_UNDECLARED_SELECTOR = YES;
				GCC_WARN_UNINITIALIZED_AUTOS = YES_AGGRESSIVE;
				GCC_WARN_UNUSED_FUNCTION = YES;
				GCC_WARN_UNUSED_VARIABLE = YES;
				LOCALIZATION_PREFERS_STRING_CATALOGS = YES;
				MTL_ENABLE_DEBUG_INFO = INCLUDE_SOURCE;
				MTL_FAST_MATH = YES;
				ONLY_ACTIVE_ARCH = YES;
				SDKROOT = appletvos;
				SWIFT_ACTIVE_COMPILATION_CONDITIONS = "DEBUG $(inherited)";
				SWIFT_OPTIMIZATION_LEVEL = "-Onone";
				TVOS_DEPLOYMENT_TARGET = 18.2;
			};
			name = Debug;
		};
		3B2182D42DBBF03A0082BFF9 /* Release */ = {
			isa = XCBuildConfiguration;
			buildSettings = {
				ALWAYS_SEARCH_USER_PATHS = NO;
				ASSETCATALOG_COMPILER_GENERATE_SWIFT_ASSET_SYMBOL_EXTENSIONS = YES;
				CLANG_ANALYZER_NONNULL = YES;
				CLANG_ANALYZER_NUMBER_OBJECT_CONVERSION = YES_AGGRESSIVE;
				CLANG_CXX_LANGUAGE_STANDARD = "gnu++20";
				CLANG_ENABLE_MODULES = YES;
				CLANG_ENABLE_OBJC_ARC = YES;
				CLANG_ENABLE_OBJC_WEAK = YES;
				CLANG_WARN_BLOCK_CAPTURE_AUTORELEASING = YES;
				CLANG_WARN_BOOL_CONVERSION = YES;
				CLANG_WARN_COMMA = YES;
				CLANG_WARN_CONSTANT_CONVERSION = YES;
				CLANG_WARN_DEPRECATED_OBJC_IMPLEMENTATIONS = YES;
				CLANG_WARN_DIRECT_OBJC_ISA_USAGE = YES_ERROR;
				CLANG_WARN_DOCUMENTATION_COMMENTS = YES;
				CLANG_WARN_EMPTY_BODY = YES;
				CLANG_WARN_ENUM_CONVERSION = YES;
				CLANG_WARN_INFINITE_RECURSION = YES;
				CLANG_WARN_INT_CONVERSION = YES;
				CLANG_WARN_NON_LITERAL_NULL_CONVERSION = YES;
				CLANG_WARN_OBJC_IMPLICIT_RETAIN_SELF = YES;
				CLANG_WARN_OBJC_LITERAL_CONVERSION = YES;
				CLANG_WARN_OBJC_ROOT_CLASS = YES_ERROR;
				CLANG_WARN_QUOTED_INCLUDE_IN_FRAMEWORK_HEADER = YES;
				CLANG_WARN_RANGE_LOOP_ANALYSIS = YES;
				CLANG_WARN_STRICT_PROTOTYPES = YES;
				CLANG_WARN_SUSPICIOUS_MOVE = YES;
				CLANG_WARN_UNGUARDED_AVAILABILITY = YES_AGGRESSIVE;
				CLANG_WARN_UNREACHABLE_CODE = YES;
				CLANG_WARN__DUPLICATE_METHOD_MATCH = YES;
				COPY_PHASE_STRIP = NO;
				DEBUG_INFORMATION_FORMAT = "dwarf-with-dsym";
				ENABLE_NS_ASSERTIONS = NO;
				ENABLE_STRICT_OBJC_MSGSEND = YES;
				ENABLE_USER_SCRIPT_SANDBOXING = YES;
				GCC_C_LANGUAGE_STANDARD = gnu17;
				GCC_NO_COMMON_BLOCKS = YES;
				GCC_WARN_64_TO_32_BIT_CONVERSION = YES;
				GCC_WARN_ABOUT_RETURN_TYPE = YES_ERROR;
				GCC_WARN_UNDECLARED_SELECTOR = YES;
				GCC_WARN_UNINITIALIZED_AUTOS = YES_AGGRESSIVE;
				GCC_WARN_UNUSED_FUNCTION = YES;
				GCC_WARN_UNUSED_VARIABLE = YES;
				LOCALIZATION_PREFERS_STRING_CATALOGS = YES;
				MTL_ENABLE_DEBUG_INFO = NO;
				MTL_FAST_MATH = YES;
				SDKROOT = appletvos;
				SWIFT_COMPILATION_MODE = wholemodule;
				TVOS_DEPLOYMENT_TARGET = 18.2;
				VALIDATE_PRODUCT = YES;
			};
			name = Release;
		};
		3B2182D62DBBF03A0082BFF9 /* Debug */ = {
			isa = XCBuildConfiguration;
			baseConfigurationReference = D9A186EB250D48EA0D345E0A /* Pods-iTVrockTests.debug.xcconfig */;
			buildSettings = {
				BUNDLE_LOADER = "$(TEST_HOST)";
				CODE_SIGN_STYLE = Automatic;
				CURRENT_PROJECT_VERSION = 1;
				DEVELOPMENT_TEAM = FKZ98YMFV8;
				FRAMEWORK_SEARCH_PATHS = (
					"$(inherited)",
					"$(PROJECT_DIR)",
				);
				GENERATE_INFOPLIST_FILE = YES;
				MARKETING_VERSION = 1.0;
				PRODUCT_BUNDLE_IDENTIFIER = com.buildingSocial.iTVrockTests;
				PRODUCT_NAME = "$(TARGET_NAME)";
				SWIFT_EMIT_LOC_STRINGS = NO;
				SWIFT_VERSION = 5.0;
				TARGETED_DEVICE_FAMILY = 3;
				TEST_HOST = "$(BUILT_PRODUCTS_DIR)/iTVrock.app/$(BUNDLE_EXECUTABLE_FOLDER_PATH)/iTVrock";
				TVOS_DEPLOYMENT_TARGET = 18.2;
			};
			name = Debug;
		};
		3B2182D72DBBF03A0082BFF9 /* Release */ = {
			isa = XCBuildConfiguration;
			baseConfigurationReference = 38142B7B7BD333FE5A5512DB /* Pods-iTVrockTests.release.xcconfig */;
			buildSettings = {
				BUNDLE_LOADER = "$(TEST_HOST)";
				CODE_SIGN_STYLE = Automatic;
				CURRENT_PROJECT_VERSION = 1;
				DEVELOPMENT_TEAM = FKZ98YMFV8;
				FRAMEWORK_SEARCH_PATHS = (
					"$(inherited)",
					"$(PROJECT_DIR)",
				);
				GENERATE_INFOPLIST_FILE = YES;
				MARKETING_VERSION = 1.0;
				PRODUCT_BUNDLE_IDENTIFIER = com.buildingSocial.iTVrockTests;
				PRODUCT_NAME = "$(TARGET_NAME)";
				SWIFT_EMIT_LOC_STRINGS = NO;
				SWIFT_VERSION = 5.0;
				TARGETED_DEVICE_FAMILY = 3;
				TEST_HOST = "$(BUILT_PRODUCTS_DIR)/iTVrock.app/$(BUNDLE_EXECUTABLE_FOLDER_PATH)/iTVrock";
				TVOS_DEPLOYMENT_TARGET = 18.2;
			};
			name = Release;
		};
		3B2182D92DBBF03A0082BFF9 /* Debug */ = {
			isa = XCBuildConfiguration;
			baseConfigurationReference = 04B100B35DB51975B98FEF28 /* Pods-iTVrock-iTVrockUITests.debug.xcconfig */;
			buildSettings = {
				CODE_SIGN_STYLE = Automatic;
				CURRENT_PROJECT_VERSION = 1;
				DEVELOPMENT_TEAM = FKZ98YMFV8;
				FRAMEWORK_SEARCH_PATHS = (
					"$(inherited)",
					"$(PROJECT_DIR)",
				);
				GENERATE_INFOPLIST_FILE = YES;
				MARKETING_VERSION = 1.0;
				PRODUCT_BUNDLE_IDENTIFIER = com.buildingSocial.iTVrockUITests;
				PRODUCT_NAME = "$(TARGET_NAME)";
				SWIFT_EMIT_LOC_STRINGS = NO;
				SWIFT_VERSION = 5.0;
				TARGETED_DEVICE_FAMILY = 3;
				TEST_TARGET_NAME = iTVrock;
			};
			name = Debug;
		};
		3B2182DA2DBBF03A0082BFF9 /* Release */ = {
			isa = XCBuildConfiguration;
			baseConfigurationReference = 4295DFFA16CB279E1A49428C /* Pods-iTVrock-iTVrockUITests.release.xcconfig */;
			buildSettings = {
				CODE_SIGN_STYLE = Automatic;
				CURRENT_PROJECT_VERSION = 1;
				DEVELOPMENT_TEAM = FKZ98YMFV8;
				FRAMEWORK_SEARCH_PATHS = (
					"$(inherited)",
					"$(PROJECT_DIR)",
				);
				GENERATE_INFOPLIST_FILE = YES;
				MARKETING_VERSION = 1.0;
				PRODUCT_BUNDLE_IDENTIFIER = com.buildingSocial.iTVrockUITests;
				PRODUCT_NAME = "$(TARGET_NAME)";
				SWIFT_EMIT_LOC_STRINGS = NO;
				SWIFT_VERSION = 5.0;
				TARGETED_DEVICE_FAMILY = 3;
				TEST_TARGET_NAME = iTVrock;
			};
			name = Release;
		};
/* End XCBuildConfiguration section */

/* Begin XCConfigurationList section */
		3B2182A12DBBF0390082BFF9 /* Build configuration list for PBXProject "iTVrock" */ = {
			isa = XCConfigurationList;
			buildConfigurations = (
				3B2182D32DBBF03A0082BFF9 /* Debug */,
				3B2182D42DBBF03A0082BFF9 /* Release */,
			);
			defaultConfigurationIsVisible = 0;
			defaultConfigurationName = Release;
		};
		3B2182D02DBBF03A0082BFF9 /* Build configuration list for PBXNativeTarget "iTVrock" */ = {
			isa = XCConfigurationList;
			buildConfigurations = (
				3B2182D12DBBF03A0082BFF9 /* Debug */,
				3B2182D22DBBF03A0082BFF9 /* Release */,
			);
			defaultConfigurationIsVisible = 0;
			defaultConfigurationName = Release;
		};
		3B2182D52DBBF03A0082BFF9 /* Build configuration list for PBXNativeTarget "iTVrockTests" */ = {
			isa = XCConfigurationList;
			buildConfigurations = (
				3B2182D62DBBF03A0082BFF9 /* Debug */,
				3B2182D72DBBF03A0082BFF9 /* Release */,
			);
			defaultConfigurationIsVisible = 0;
			defaultConfigurationName = Release;
		};
		3B2182D82DBBF03A0082BFF9 /* Build configuration list for PBXNativeTarget "iTVrockUITests" */ = {
			isa = XCConfigurationList;
			buildConfigurations = (
				3B2182D92DBBF03A0082BFF9 /* Debug */,
				3B2182DA2DBBF03A0082BFF9 /* Release */,
			);
			defaultConfigurationIsVisible = 0;
			defaultConfigurationName = Release;
		};
/* End XCConfigurationList section */
	};
	rootObject = 3B21829E2DBBF0390082BFF9 /* Project object */;
}
